
Microsoft Visual Studio Solution File, Format Version 12.00
# Visual Studio Version 17
VisualStudioVersion = 17.7.34031.279
MinimumVisualStudioVersion = 10.0.40219.1
Project("{FAE04EC0-301F-11D3-BF4B-00C04F79EFBC}") = "Cines", "Cines\Cines.csproj", "{327769B6-D847-44BF-BF02-34E3406DDEC4}"
EndProject
Global
	GlobalSection(SolutionConfigurationPlatforms) = preSolution
		Debug|Any CPU = Debug|Any CPU
		Release|Any CPU = Release|Any CPU
	EndGlobalSection
	GlobalSection(ProjectConfigurationPlatforms) = postSolution
		{327769B6-D847-44BF-BF02-34E3406DDEC4}.Debug|Any CPU.ActiveCfg = Debug|Any CPU
		{327769B6-D847-44BF-BF02-34E3406DDEC4}.Debug|Any CPU.Build.0 = Debug|Any CPU
		{327769B6-D847-44BF-BF02-34E3406DDEC4}.Release|Any CPU.ActiveCfg = Release|Any CPU
		{327769B6-D847-44BF-BF02-34E3406DDEC4}.Release|Any CPU.Build.0 = Release|Any CPU
	EndGlobalSection
	GlobalSection(SolutionProperties) = preSolution
		HideSolutionNode = FALSE
	EndGlobalSection
	GlobalSection(ExtensibilityGlobals) = postSolution
		SolutionGuid = {7A2410AD-6505-4861-82D3-F9B324E26C09}
	EndGlobalSection
EndGlobal
